// !$*UTF8*$!
{
	archiveVersion = 1;
	classes = {
	};
	objectVersion = 56;
	objects = {

/* Begin PBXBuildFile section */
		67DBB64B2AFF0F5900690B2F /* AppDelegate.swift in Sources */ = {isa = PBXBuildFile; fileRef = 67DBB64A2AFF0F5900690B2F /* AppDelegate.swift */; };
		67DBB64D2AFF0F5900690B2F /* SceneDelegate.swift in Sources */ = {isa = PBXBuildFile; fileRef = 67DBB64C2AFF0F5900690B2F /* SceneDelegate.swift */; };
		67DBB64F2AFF0F5900690B2F /* ViewController.swift in Sources */ = {isa = PBXBuildFile; fileRef = 67DBB64E2AFF0F5900690B2F /* ViewController.swift */; };
		67DBB6522AFF0F5900690B2F /* Main.storyboard in Resources */ = {isa = PBXBuildFile; fileRef = 67DBB6502AFF0F5900690B2F /* Main.storyboard */; };
		67DBB6542AFF0F5A00690B2F /* Assets.xcassets in Resources */ = {isa = PBXBuildFile; fileRef = 67DBB6532AFF0F5A00690B2F /* Assets.xcassets */; };
		67DBB6572AFF0F5A00690B2F /* LaunchScreen.storyboard in Resources */ = {isa = PBXBuildFile; fileRef = 67DBB6552AFF0F5A00690B2F /* LaunchScreen.storyboard */; };
		67DBB6622AFF0F5B00690B2F /* NetworkingTests.swift in Sources */ = {isa = PBXBuildFile; fileRef = 67DBB6612AFF0F5B00690B2F /* NetworkingTests.swift */; };
		67DBB66C2AFF0F5B00690B2F /* NetworkingUITests.swift in Sources */ = {isa = PBXBuildFile; fileRef = 67DBB66B2AFF0F5B00690B2F /* NetworkingUITests.swift */; };
		67DBB66E2AFF0F5B00690B2F /* NetworkingUITestsLaunchTests.swift in Sources */ = {isa = PBXBuildFile; fileRef = 67DBB66D2AFF0F5B00690B2F /* NetworkingUITestsLaunchTests.swift */; };
		67DBB67B2AFF0FAF00690B2F /* RemoteFileManager.swift in Sources */ = {isa = PBXBuildFile; fileRef = 67DBB67A2AFF0FAF00690B2F /* RemoteFileManager.swift */; };
/* End PBXBuildFile section */

/* Begin PBXContainerItemProxy section */
		67DBB65E2AFF0F5B00690B2F /* PBXContainerItemProxy */ = {
			isa = PBXContainerItemProxy;
			containerPortal = 67DBB63F2AFF0F5900690B2F /* Project object */;
			proxyType = 1;
			remoteGlobalIDString = 67DBB6462AFF0F5900690B2F;
			remoteInfo = Networking;
		};
		67DBB6682AFF0F5B00690B2F /* PBXContainerItemProxy */ = {
			isa = PBXContainerItemProxy;
			containerPortal = 67DBB63F2AFF0F5900690B2F /* Project object */;
			proxyType = 1;
			remoteGlobalIDString = 67DBB6462AFF0F5900690B2F;
			remoteInfo = Networking;
		};
/* End PBXContainerItemProxy section */

/* Begin PBXFileReference section */
		67DBB6472AFF0F5900690B2F /* Networking.app */ = {isa = PBXFileReference; explicitFileType = wrapper.application; includeInIndex = 0; path = Networking.app; sourceTree = BUILT_PRODUCTS_DIR; };
		67DBB64A2AFF0F5900690B2F /* AppDelegate.swift */ = {isa = PBXFileReference; lastKnownFileType = sourcecode.swift; path = AppDelegate.swift; sourceTree = "<group>"; };
		67DBB64C2AFF0F5900690B2F /* SceneDelegate.swift */ = {isa = PBXFileReference; lastKnownFileType = sourcecode.swift; path = SceneDelegate.swift; sourceTree = "<group>"; };
		67DBB64E2AFF0F5900690B2F /* ViewController.swift */ = {isa = PBXFileReference; lastKnownFileType = sourcecode.swift; path = ViewController.swift; sourceTree = "<group>"; };
		67DBB6512AFF0F5900690B2F /* Base */ = {isa = PBXFileReference; lastKnownFileType = file.storyboard; name = Base; path = Base.lproj/Main.storyboard; sourceTree = "<group>"; };
		67DBB6532AFF0F5A00690B2F /* Assets.xcassets */ = {isa = PBXFileReference; lastKnownFileType = folder.assetcatalog; path = Assets.xcassets; sourceTree = "<group>"; };
		67DBB6562AFF0F5A00690B2F /* Base */ = {isa = PBXFileReference; lastKnownFileType = file.storyboard; name = Base; path = Base.lproj/LaunchScreen.storyboard; sourceTree = "<group>"; };
		67DBB6582AFF0F5A00690B2F /* Info.plist */ = {isa = PBXFileReference; lastKnownFileType = text.plist.xml; path = Info.plist; sourceTree = "<group>"; };
		67DBB65D2AFF0F5B00690B2F /* NetworkingTests.xctest */ = {isa = PBXFileReference; explicitFileType = wrapper.cfbundle; includeInIndex = 0; path = NetworkingTests.xctest; sourceTree = BUILT_PRODUCTS_DIR; };
		67DBB6612AFF0F5B00690B2F /* NetworkingTests.swift */ = {isa = PBXFileReference; lastKnownFileType = sourcecode.swift; path = NetworkingTests.swift; sourceTree = "<group>"; };
		67DBB6672AFF0F5B00690B2F /* NetworkingUITests.xctest */ = {isa = PBXFileReference; explicitFileType = wrapper.cfbundle; includeInIndex = 0; path = NetworkingUITests.xctest; sourceTree = BUILT_PRODUCTS_DIR; };
		67DBB66B2AFF0F5B00690B2F /* NetworkingUITests.swift */ = {isa = PBXFileReference; lastKnownFileType = sourcecode.swift; path = NetworkingUITests.swift; sourceTree = "<group>"; };
		67DBB66D2AFF0F5B00690B2F /* NetworkingUITestsLaunchTests.swift */ = {isa = PBXFileReference; lastKnownFileType = sourcecode.swift; path = NetworkingUITestsLaunchTests.swift; sourceTree = "<group>"; };
		67DBB67A2AFF0FAF00690B2F /* RemoteFileManager.swift */ = {isa = PBXFileReference; lastKnownFileType = sourcecode.swift; path = RemoteFileManager.swift; sourceTree = "<group>"; };
/* End PBXFileReference section */

/* Begin PBXFrameworksBuildPhase section */
		67DBB6442AFF0F5900690B2F /* Frameworks */ = {
			isa = PBXFrameworksBuildPhase;
			buildActionMask = 2147483647;
			files = (
			);
			runOnlyForDeploymentPostprocessing = 0;
		};
		67DBB65A2AFF0F5B00690B2F /* Frameworks */ = {
			isa = PBXFrameworksBuildPhase;
			buildActionMask = 2147483647;
			files = (
			);
			runOnlyForDeploymentPostprocessing = 0;
		};
		67DBB6642AFF0F5B00690B2F /* Frameworks */ = {
			isa = PBXFrameworksBuildPhase;
			buildActionMask = 2147483647;
			files = (
			);
			runOnlyForDeploymentPostprocessing = 0;
		};
/* End PBXFrameworksBuildPhase section */

/* Begin PBXGroup section */
		67DBB63E2AFF0F5900690B2F = {
			isa = PBXGroup;
			children = (
				67DBB6492AFF0F5900690B2F /* Networking */,
				67DBB6602AFF0F5B00690B2F /* NetworkingTests */,
				67DBB66A2AFF0F5B00690B2F /* NetworkingUITests */,
				67DBB6482AFF0F5900690B2F /* Products */,
			);
			sourceTree = "<group>";
		};
		67DBB6482AFF0F5900690B2F /* Products */ = {
			isa = PBXGroup;
			children = (
				67DBB6472AFF0F5900690B2F /* Networking.app */,
				67DBB65D2AFF0F5B00690B2F /* NetworkingTests.xctest */,
				67DBB6672AFF0F5B00690B2F /* NetworkingUITests.xctest */,
			);
			name = Products;
			sourceTree = "<group>";
		};
		67DBB6492AFF0F5900690B2F /* Networking */ = {
			isa = PBXGroup;
			children = (
				67DBB64A2AFF0F5900690B2F /* AppDelegate.swift */,
				67DBB64C2AFF0F5900690B2F /* SceneDelegate.swift */,
				67DBB64E2AFF0F5900690B2F /* ViewController.swift */,
				67DBB6502AFF0F5900690B2F /* Main.storyboard */,
				67DBB6532AFF0F5A00690B2F /* Assets.xcassets */,
				67DBB6552AFF0F5A00690B2F /* LaunchScreen.storyboard */,
				67DBB6582AFF0F5A00690B2F /* Info.plist */,
				67DBB67A2AFF0FAF00690B2F /* RemoteFileManager.swift */,
			);
			path = Networking;
			sourceTree = "<group>";
		};
		67DBB6602AFF0F5B00690B2F /* NetworkingTests */ = {
			isa = PBXGroup;
			children = (
				67DBB6612AFF0F5B00690B2F /* NetworkingTests.swift */,
			);
			path = NetworkingTests;
			sourceTree = "<group>";
		};
		67DBB66A2AFF0F5B00690B2F /* NetworkingUITests */ = {
			isa = PBXGroup;
			children = (
				67DBB66B2AFF0F5B00690B2F /* NetworkingUITests.swift */,
				67DBB66D2AFF0F5B00690B2F /* NetworkingUITestsLaunchTests.swift */,
			);
			path = NetworkingUITests;
			sourceTree = "<group>";
		};
/* End PBXGroup section */

/* Begin PBXNativeTarget section */
		67DBB6462AFF0F5900690B2F /* Networking */ = {
			isa = PBXNativeTarget;
			buildConfigurationList = 67DBB6712AFF0F5B00690B2F /* Build configuration list for PBXNativeTarget "Networking" */;
			buildPhases = (
				67DBB6432AFF0F5900690B2F /* Sources */,
				67DBB6442AFF0F5900690B2F /* Frameworks */,
				67DBB6452AFF0F5900690B2F /* Resources */,
			);
			buildRules = (
			);
			dependencies = (
			);
			name = Networking;
			productName = Networking;
			productReference = 67DBB6472AFF0F5900690B2F /* Networking.app */;
			productType = "com.apple.product-type.application";
		};
		67DBB65C2AFF0F5B00690B2F /* NetworkingTests */ = {
			isa = PBXNativeTarget;
			buildConfigurationList = 67DBB6742AFF0F5B00690B2F /* Build configuration list for PBXNativeTarget "NetworkingTests" */;
			buildPhases = (
				67DBB6592AFF0F5B00690B2F /* Sources */,
				67DBB65A2AFF0F5B00690B2F /* Frameworks */,
				67DBB65B2AFF0F5B00690B2F /* Resources */,
			);
			buildRules = (
			);
			dependencies = (
				67DBB65F2AFF0F5B00690B2F /* PBXTargetDependency */,
			);
			name = NetworkingTests;
			productName = NetworkingTests;
			productReference = 67DBB65D2AFF0F5B00690B2F /* NetworkingTests.xctest */;
			productType = "com.apple.product-type.bundle.unit-test";
		};
		67DBB6662AFF0F5B00690B2F /* NetworkingUITests */ = {
			isa = PBXNativeTarget;
			buildConfigurationList = 67DBB6772AFF0F5B00690B2F /* Build configuration list for PBXNativeTarget "NetworkingUITests" */;
			buildPhases = (
				67DBB6632AFF0F5B00690B2F /* Sources */,
				67DBB6642AFF0F5B00690B2F /* Frameworks */,
				67DBB6652AFF0F5B00690B2F /* Resources */,
			);
			buildRules = (
			);
			dependencies = (
				67DBB6692AFF0F5B00690B2F /* PBXTargetDependency */,
			);
			name = NetworkingUITests;
			productName = NetworkingUITests;
			productReference = 67DBB6672AFF0F5B00690B2F /* NetworkingUITests.xctest */;
			productType = "com.apple.product-type.bundle.ui-testing";
		};
/* End PBXNativeTarget section */

/* Begin PBXProject section */
		67DBB63F2AFF0F5900690B2F /* Project object */ = {
			isa = PBXProject;
			attributes = {
				BuildIndependentTargetsInParallel = 1;
				LastSwiftUpdateCheck = 1500;
				LastUpgradeCheck = 1500;
				TargetAttributes = {
					67DBB6462AFF0F5900690B2F = {
						CreatedOnToolsVersion = 15.0;
					};
					67DBB65C2AFF0F5B00690B2F = {
						CreatedOnToolsVersion = 15.0;
						TestTargetID = 67DBB6462AFF0F5900690B2F;
					};
					67DBB6662AFF0F5B00690B2F = {
						CreatedOnToolsVersion = 15.0;
						TestTargetID = 67DBB6462AFF0F5900690B2F;
					};
				};
			};
			buildConfigurationList = 67DBB6422AFF0F5900690B2F /* Build configuration list for PBXProject "Networking" */;
			compatibilityVersion = "Xcode 14.0";
			developmentRegion = en;
			hasScannedForEncodings = 0;
			knownRegions = (
				en,
				Base,
			);
			mainGroup = 67DBB63E2AFF0F5900690B2F;
			productRefGroup = 67DBB6482AFF0F5900690B2F /* Products */;
			projectDirPath = "";
			projectRoot = "";
			targets = (
				67DBB6462AFF0F5900690B2F /* Networking */,
				67DBB65C2AFF0F5B00690B2F /* NetworkingTests */,
				67DBB6662AFF0F5B00690B2F /* NetworkingUITests */,
			);
		};
/* End PBXProject section */

/* Begin PBXResourcesBuildPhase section */
		67DBB6452AFF0F5900690B2F /* Resources */ = {
			isa = PBXResourcesBuildPhase;
			buildActionMask = 2147483647;
			files = (
				67DBB6572AFF0F5A00690B2F /* LaunchScreen.storyboard in Resources */,
				67DBB6542AFF0F5A00690B2F /* Assets.xcassets in Resources */,
				67DBB6522AFF0F5900690B2F /* Main.storyboard in Resources */,
			);
			runOnlyForDeploymentPostprocessing = 0;
		};
		67DBB65B2AFF0F5B00690B2F /* Resources */ = {
			isa = PBXResourcesBuildPhase;
			buildActionMask = 2147483647;
			files = (
			);
			runOnlyForDeploymentPostprocessing = 0;
		};
		67DBB6652AFF0F5B00690B2F /* Resources */ = {
			isa = PBXResourcesBuildPhase;
			buildActionMask = 2147483647;
			files = (
			);
			runOnlyForDeploymentPostprocessing = 0;
		};
/* End PBXResourcesBuildPhase section */

/* Begin PBXSourcesBuildPhase section */
		67DBB6432AFF0F5900690B2F /* Sources */ = {
			isa = PBXSourcesBuildPhase;
			buildActionMask = 2147483647;
			files = (
				67DBB64F2AFF0F5900690B2F /* ViewController.swift in Sources */,
				67DBB67B2AFF0FAF00690B2F /* RemoteFileManager.swift in Sources */,
				67DBB64B2AFF0F5900690B2F /* AppDelegate.swift in Sources */,
				67DBB64D2AFF0F5900690B2F /* SceneDelegate.swift in Sources */,
			);
			runOnlyForDeploymentPostprocessing = 0;
		};
		67DBB6592AFF0F5B00690B2F /* Sources */ = {
			isa = PBXSourcesBuildPhase;
			buildActionMask = 2147483647;
			files = (
				67DBB6622AFF0F5B00690B2F /* NetworkingTests.swift in Sources */,
			);
			runOnlyForDeploymentPostprocessing = 0;
		};
		67DBB6632AFF0F5B00690B2F /* Sources */ = {
			isa = PBXSourcesBuildPhase;
			buildActionMask = 2147483647;
			files = (
				67DBB66E2AFF0F5B00690B2F /* NetworkingUITestsLaunchTests.swift in Sources */,
				67DBB66C2AFF0F5B00690B2F /* NetworkingUITests.swift in Sources */,
			);
			runOnlyForDeploymentPostprocessing = 0;
		};
/* End PBXSourcesBuildPhase section */

/* Begin PBXTargetDependency section */
		67DBB65F2AFF0F5B00690B2F /* PBXTargetDependency */ = {
			isa = PBXTargetDependency;
			target = 67DBB6462AFF0F5900690B2F /* Networking */;
			targetProxy = 67DBB65E2AFF0F5B00690B2F /* PBXContainerItemProxy */;
		};
		67DBB6692AFF0F5B00690B2F /* PBXTargetDependency */ = {
			isa = PBXTargetDependency;
			target = 67DBB6462AFF0F5900690B2F /* Networking */;
			targetProxy = 67DBB6682AFF0F5B00690B2F /* PBXContainerItemProxy */;
		};
/* End PBXTargetDependency section */

/* Begin PBXVariantGroup section */
		67DBB6502AFF0F5900690B2F /* Main.storyboard */ = {
			isa = PBXVariantGroup;
			children = (
				67DBB6512AFF0F5900690B2F /* Base */,
			);
			name = Main.storyboard;
			sourceTree = "<group>";
		};
		67DBB6552AFF0F5A00690B2F /* LaunchScreen.storyboard */ = {
			isa = PBXVariantGroup;
			children = (
				67DBB6562AFF0F5A00690B2F /* Base */,
			);
			name = LaunchScreen.storyboard;
			sourceTree = "<group>";
		};
/* End PBXVariantGroup section */

/* Begin XCBuildConfiguration section */
		67DBB66F2AFF0F5B00690B2F /* Debug */ = {
			isa = XCBuildConfiguration;
			buildSettings = {
				ALWAYS_SEARCH_USER_PATHS = NO;
				ASSETCATALOG_COMPILER_GENERATE_SWIFT_ASSET_SYMBOL_EXTENSIONS = YES;
				CLANG_ANALYZER_NONNULL = YES;
				CLANG_ANALYZER_NUMBER_OBJECT_CONVERSION = YES_AGGRESSIVE;
				CLANG_CXX_LANGUAGE_STANDARD = "gnu++20";
				CLANG_ENABLE_MODULES = YES;
				CLANG_ENABLE_OBJC_ARC = YES;
				CLANG_ENABLE_OBJC_WEAK = YES;
				CLANG_WARN_BLOCK_CAPTURE_AUTORELEASING = YES;
				CLANG_WARN_BOOL_CONVERSION = YES;
				CLANG_WARN_COMMA = YES;
				CLANG_WARN_CONSTANT_CONVERSION = YES;
				CLANG_WARN_DEPRECATED_OBJC_IMPLEMENTATIONS = YES;
				CLANG_WARN_DIRECT_OBJC_ISA_USAGE = YES_ERROR;
				CLANG_WARN_DOCUMENTATION_COMMENTS = YES;
				CLANG_WARN_EMPTY_BODY = YES;
				CLANG_WARN_ENUM_CONVERSION = YES;
				CLANG_WARN_INFINITE_RECURSION = YES;
				CLANG_WARN_INT_CONVERSION = YES;
				CLANG_WARN_NON_LITERAL_NULL_CONVERSION = YES;
				CLANG_WARN_OBJC_IMPLICIT_RETAIN_SELF = YES;
				CLANG_WARN_OBJC_LITERAL_CONVERSION = YES;
				CLANG_WARN_OBJC_ROOT_CLASS = YES_ERROR;
				CLANG_WARN_QUOTED_INCLUDE_IN_FRAMEWORK_HEADER = YES;
				CLANG_WARN_RANGE_LOOP_ANALYSIS = YES;
				CLANG_WARN_STRICT_PROTOTYPES = YES;
				CLANG_WARN_SUSPICIOUS_MOVE = YES;
				CLANG_WARN_UNGUARDED_AVAILABILITY = YES_AGGRESSIVE;
				CLANG_WARN_UNREACHABLE_CODE = YES;
				CLANG_WARN__DUPLICATE_METHOD_MATCH = YES;
				COPY_PHASE_STRIP = NO;
				DEBUG_INFORMATION_FORMAT = dwarf;
				ENABLE_STRICT_OBJC_MSGSEND = YES;
				ENABLE_TESTABILITY = YES;
				ENABLE_USER_SCRIPT_SANDBOXING = YES;
				GCC_C_LANGUAGE_STANDARD = gnu17;
				GCC_DYNAMIC_NO_PIC = NO;
				GCC_NO_COMMON_BLOCKS = YES;
				GCC_OPTIMIZATION_LEVEL = 0;
				GCC_PREPROCESSOR_DEFINITIONS = (
					"DEBUG=1",
					"$(inherited)",
				);
				GCC_WARN_64_TO_32_BIT_CONVERSION = YES;
				GCC_WARN_ABOUT_RETURN_TYPE = YES_ERROR;
				GCC_WARN_UNDECLARED_SELECTOR = YES;
				GCC_WARN_UNINITIALIZED_AUTOS = YES_AGGRESSIVE;
				GCC_WARN_UNUSED_FUNCTION = YES;
				GCC_WARN_UNUSED_VARIABLE = YES;
				IPHONEOS_DEPLOYMENT_TARGET = 17.0;
				LOCALIZATION_PREFERS_STRING_CATALOGS = YES;
				MTL_ENABLE_DEBUG_INFO = INCLUDE_SOURCE;
				MTL_FAST_MATH = YES;
				ONLY_ACTIVE_ARCH = YES;
				SDKROOT = iphoneos;
				SWIFT_ACTIVE_COMPILATION_CONDITIONS = "DEBUG $(inherited)";
				SWIFT_OPTIMIZATION_LEVEL = "-Onone";
			};
			name = Debug;
		};
		67DBB6702AFF0F5B00690B2F /* Release */ = {
			isa = XCBuildConfiguration;
			buildSettings = {
				ALWAYS_SEARCH_USER_PATHS = NO;
				ASSETCATALOG_COMPILER_GENERATE_SWIFT_ASSET_SYMBOL_EXTENSIONS = YES;
				CLANG_ANALYZER_NONNULL = YES;
				CLANG_ANALYZER_NUMBER_OBJECT_CONVERSION = YES_AGGRESSIVE;
				CLANG_CXX_LANGUAGE_STANDARD = "gnu++20";
				CLANG_ENABLE_MODULES = YES;
				CLANG_ENABLE_OBJC_ARC = YES;
				CLANG_ENABLE_OBJC_WEAK = YES;
				CLANG_WARN_BLOCK_CAPTURE_AUTORELEASING = YES;
				CLANG_WARN_BOOL_CONVERSION = YES;
				CLANG_WARN_COMMA = YES;
				CLANG_WARN_CONSTANT_CONVERSION = YES;
				CLANG_WARN_DEPRECATED_OBJC_IMPLEMENTATIONS = YES;
				CLANG_WARN_DIRECT_OBJC_ISA_USAGE = YES_ERROR;
				CLANG_WARN_DOCUMENTATION_COMMENTS = YES;
				CLANG_WARN_EMPTY_BODY = YES;
				CLANG_WARN_ENUM_CONVERSION = YES;
				CLANG_WARN_INFINITE_RECURSION = YES;
				CLANG_WARN_INT_CONVERSION = YES;
				CLANG_WARN_NON_LITERAL_NULL_CONVERSION = YES;
				CLANG_WARN_OBJC_IMPLICIT_RETAIN_SELF = YES;
				CLANG_WARN_OBJC_LITERAL_CONVERSION = YES;
				CLANG_WARN_OBJC_ROOT_CLASS = YES_ERROR;
				CLANG_WARN_QUOTED_INCLUDE_IN_FRAMEWORK_HEADER = YES;
				CLANG_WARN_RANGE_LOOP_ANALYSIS = YES;
				CLANG_WARN_STRICT_PROTOTYPES = YES;
				CLANG_WARN_SUSPICIOUS_MOVE = YES;
				CLANG_WARN_UNGUARDED_AVAILABILITY = YES_AGGRESSIVE;
				CLANG_WARN_UNREACHABLE_CODE = YES;
				CLANG_WARN__DUPLICATE_METHOD_MATCH = YES;
				COPY_PHASE_STRIP = NO;
				DEBUG_INFORMATION_FORMAT = "dwarf-with-dsym";
				ENABLE_NS_ASSERTIONS = NO;
				ENABLE_STRICT_OBJC_MSGSEND = YES;
				ENABLE_USER_SCRIPT_SANDBOXING = YES;
				GCC_C_LANGUAGE_STANDARD = gnu17;
				GCC_NO_COMMON_BLOCKS = YES;
				GCC_WARN_64_TO_32_BIT_CONVERSION = YES;
				GCC_WARN_ABOUT_RETURN_TYPE = YES_ERROR;
				GCC_WARN_UNDECLARED_SELECTOR = YES;
				GCC_WARN_UNINITIALIZED_AUTOS = YES_AGGRESSIVE;
				GCC_WARN_UNUSED_FUNCTION = YES;
				GCC_WARN_UNUSED_VARIABLE = YES;
				IPHONEOS_DEPLOYMENT_TARGET = 17.0;
				LOCALIZATION_PREFERS_STRING_CATALOGS = YES;
				MTL_ENABLE_DEBUG_INFO = NO;
				MTL_FAST_MATH = YES;
				SDKROOT = iphoneos;
				SWIFT_COMPILATION_MODE = wholemodule;
				VALIDATE_PRODUCT = YES;
			};
			name = Release;
		};
		67DBB6722AFF0F5B00690B2F /* Debug */ = {
			isa = XCBuildConfiguration;
			buildSettings = {
				ASSETCATALOG_COMPILER_APPICON_NAME = AppIcon;
				ASSETCATALOG_COMPILER_GLOBAL_ACCENT_COLOR_NAME = AccentColor;
				CODE_SIGN_STYLE = Automatic;
				CURRENT_PROJECT_VERSION = 1;
				DEVELOPMENT_TEAM = K5GZ8USW8W;
				GENERATE_INFOPLIST_FILE = YES;
				INFOPLIST_FILE = Networking/Info.plist;
				INFOPLIST_KEY_UIApplicationSupportsIndirectInputEvents = YES;
				INFOPLIST_KEY_UILaunchStoryboardName = LaunchScreen;
				INFOPLIST_KEY_UIMainStoryboardFile = Main;
				INFOPLIST_KEY_UISupportedInterfaceOrientations_iPad = "UIInterfaceOrientationPortrait UIInterfaceOrientationPortraitUpsideDown UIInterfaceOrientationLandscapeLeft UIInterfaceOrientationLandscapeRight";
				INFOPLIST_KEY_UISupportedInterfaceOrientations_iPhone = "UIInterfaceOrientationPortrait UIInterfaceOrientationLandscapeLeft UIInterfaceOrientationLandscapeRight";
				LD_RUNPATH_SEARCH_PATHS = (
					"$(inherited)",
					"@executable_path/Frameworks",
				);
				MARKETING_VERSION = 1.0;
				PRODUCT_BUNDLE_IDENTIFIER = mahendran.Networking;
				PRODUCT_NAME = "$(TARGET_NAME)";
				SWIFT_EMIT_LOC_STRINGS = YES;
				SWIFT_VERSION = 5.0;
				TARGETED_DEVICE_FAMILY = "1,2";
			};
			name = Debug;
		};
		67DBB6732AFF0F5B00690B2F /* Release */ = {
			isa = XCBuildConfiguration;
			buildSettings = {
				ASSETCATALOG_COMPILER_APPICON_NAME = AppIcon;
				ASSETCATALOG_COMPILER_GLOBAL_ACCENT_COLOR_NAME = AccentColor;
				CODE_SIGN_STYLE = Automatic;
				CURRENT_PROJECT_VERSION = 1;
				DEVELOPMENT_TEAM = K5GZ8USW8W;
				GENERATE_INFOPLIST_FILE = YES;
				INFOPLIST_FILE = Networking/Info.plist;
				INFOPLIST_KEY_UIApplicationSupportsIndirectInputEvents = YES;
				INFOPLIST_KEY_UILaunchStoryboardName = LaunchScreen;
				INFOPLIST_KEY_UIMainStoryboardFile = Main;
				INFOPLIST_KEY_UISupportedInterfaceOrientations_iPad = "UIInterfaceOrientationPortrait UIInterfaceOrientationPortraitUpsideDown UIInterfaceOrientationLandscapeLeft UIInterfaceOrientationLandscapeRight";
				INFOPLIST_KEY_UISupportedInterfaceOrientations_iPhone = "UIInterfaceOrientationPortrait UIInterfaceOrientationLandscapeLeft UIInterfaceOrientationLandscapeRight";
				LD_RUNPATH_SEARCH_PATHS = (
					"$(inherited)",
					"@executable_path/Frameworks",
				);
				MARKETING_VERSION = 1.0;
				PRODUCT_BUNDLE_IDENTIFIER = mahendran.Networking;
				PRODUCT_NAME = "$(TARGET_NAME)";
				SWIFT_EMIT_LOC_STRINGS = YES;
				SWIFT_VERSION = 5.0;
				TARGETED_DEVICE_FAMILY = "1,2";
			};
			name = Release;
		};
		67DBB6752AFF0F5B00690B2F /* Debug */ = {
			isa = XCBuildConfiguration;
			buildSettings = {
				ALWAYS_EMBED_SWIFT_STANDARD_LIBRARIES = YES;
				BUNDLE_LOADER = "$(TEST_HOST)";
				CODE_SIGN_STYLE = Automatic;
				CURRENT_PROJECT_VERSION = 1;
				DEVELOPMENT_TEAM = K5GZ8USW8W;
				GENERATE_INFOPLIST_FILE = YES;
				IPHONEOS_DEPLOYMENT_TARGET = 17.0;
				MARKETING_VERSION = 1.0;
				PRODUCT_BUNDLE_IDENTIFIER = mahendran.NetworkingTests;
				PRODUCT_NAME = "$(TARGET_NAME)";
				SWIFT_EMIT_LOC_STRINGS = NO;
				SWIFT_VERSION = 5.0;
				TARGETED_DEVICE_FAMILY = "1,2";
				TEST_HOST = "$(BUILT_PRODUCTS_DIR)/Networking.app/$(BUNDLE_EXECUTABLE_FOLDER_PATH)/Networking";
			};
			name = Debug;
		};
		67DBB6762AFF0F5B00690B2F /* Release */ = {
			isa = XCBuildConfiguration;
			buildSettings = {
				ALWAYS_EMBED_SWIFT_STANDARD_LIBRARIES = YES;
				BUNDLE_LOADER = "$(TEST_HOST)";
				CODE_SIGN_STYLE = Automatic;
				CURRENT_PROJECT_VERSION = 1;
				DEVELOPMENT_TEAM = K5GZ8USW8W;
				GENERATE_INFOPLIST_FILE = YES;
				IPHONEOS_DEPLOYMENT_TARGET = 17.0;
				MARKETING_VERSION = 1.0;
				PRODUCT_BUNDLE_IDENTIFIER = mahendran.NetworkingTests;
				PRODUCT_NAME = "$(TARGET_NAME)";
				SWIFT_EMIT_LOC_STRINGS = NO;
				SWIFT_VERSION = 5.0;
				TARGETED_DEVICE_FAMILY = "1,2";
				TEST_HOST = "$(BUILT_PRODUCTS_DIR)/Networking.app/$(BUNDLE_EXECUTABLE_FOLDER_PATH)/Networking";
			};
			name = Release;
		};
		67DBB6782AFF0F5B00690B2F /* Debug */ = {
			isa = XCBuildConfiguration;
			buildSettings = {
				ALWAYS_EMBED_SWIFT_STANDARD_LIBRARIES = YES;
				CODE_SIGN_STYLE = Automatic;
				CURRENT_PROJECT_VERSION = 1;
				DEVELOPMENT_TEAM = K5GZ8USW8W;
				GENERATE_INFOPLIST_FILE = YES;
				MARKETING_VERSION = 1.0;
				PRODUCT_BUNDLE_IDENTIFIER = mahendran.NetworkingUITests;
				PRODUCT_NAME = "$(TARGET_NAME)";
				SWIFT_EMIT_LOC_STRINGS = NO;
				SWIFT_VERSION = 5.0;
				TARGETED_DEVICE_FAMILY = "1,2";
				TEST_TARGET_NAME = Networking;
			};
			name = Debug;
		};
		67DBB6792AFF0F5B00690B2F /* Release */ = {
			isa = XCBuildConfiguration;
			buildSettings = {
				ALWAYS_EMBED_SWIFT_STANDARD_LIBRARIES = YES;
				CODE_SIGN_STYLE = Automatic;
				CURRENT_PROJECT_VERSION = 1;
				DEVELOPMENT_TEAM = K5GZ8USW8W;
				GENERATE_INFOPLIST_FILE = YES;
				MARKETING_VERSION = 1.0;
				PRODUCT_BUNDLE_IDENTIFIER = mahendran.NetworkingUITests;
				PRODUCT_NAME = "$(TARGET_NAME)";
				SWIFT_EMIT_LOC_STRINGS = NO;
				SWIFT_VERSION = 5.0;
				TARGETED_DEVICE_FAMILY = "1,2";
				TEST_TARGET_NAME = Networking;
			};
			name = Release;
		};
/* End XCBuildConfiguration section */

/* Begin XCConfigurationList section */
		67DBB6422AFF0F5900690B2F /* Build configuration list for PBXProject "Networking" */ = {
			isa = XCConfigurationList;
			buildConfigurations = (
				67DBB66F2AFF0F5B00690B2F /* Debug */,
				67DBB6702AFF0F5B00690B2F /* Release */,
			);
			defaultConfigurationIsVisible = 0;
			defaultConfigurationName = Release;
		};
		67DBB6712AFF0F5B00690B2F /* Build configuration list for PBXNativeTarget "Networking" */ = {
			isa = XCConfigurationList;
			buildConfigurations = (
				67DBB6722AFF0F5B00690B2F /* Debug */,
				67DBB6732AFF0F5B00690B2F /* Release */,
			);
			defaultConfigurationIsVisible = 0;
			defaultConfigurationName = Release;
		};
		67DBB6742AFF0F5B00690B2F /* Build configuration list for PBXNativeTarget "NetworkingTests" */ = {
			isa = XCConfigurationList;
			buildConfigurations = (
				67DBB6752AFF0F5B00690B2F /* Debug */,
				67DBB6762AFF0F5B00690B2F /* Release */,
			);
			defaultConfigurationIsVisible = 0;
			defaultConfigurationName = Release;
		};
		67DBB6772AFF0F5B00690B2F /* Build configuration list for PBXNativeTarget "NetworkingUITests" */ = {
			isa = XCConfigurationList;
			buildConfigurations = (
				67DBB6782AFF0F5B00690B2F /* Debug */,
				67DBB6792AFF0F5B00690B2F /* Release */,
			);
			defaultConfigurationIsVisible = 0;
			defaultConfigurationName = Release;
		};
/* End XCConfigurationList section */
	};
	rootObject = 67DBB63F2AFF0F5900690B2F /* Project object */;
}
